
Microsoft Visual Studio Solution File, Format Version 12.00
# Visual Studio Version 16
VisualStudioVersion = 16.0.31911.196
MinimumVisualStudioVersion = 10.0.40219.1
Project("{8BC9CEB8-8B4A-11D0-8D11-00A0C91BC942}") = "Danila_L1", "Danila_L1\Danila_L1.vcxproj", "{80B700FD-F167-4EA6-9651-E74457CF735F}"
EndProject
Global
	GlobalSection(SolutionConfigurationPlatforms) = preSolution
		Debug|x64 = Debug|x64
		Debug|x86 = Debug|x86
		Release|x64 = Release|x64
		Release|x86 = Release|x86
	EndGlobalSection
	GlobalSection(ProjectConfigurationPlatforms) = postSolution
		{80B700FD-F167-4EA6-9651-E74457CF735F}.Debug|x64.ActiveCfg = Debug|x64
		{80B700FD-F167-4EA6-9651-E74457CF735F}.Debug|x64.Build.0 = Debug|x64
		{80B700FD-F167-4EA6-9651-E74457CF735F}.Debug|x86.ActiveCfg = Debug|Win32
		{80B700FD-F167-4EA6-9651-E74457CF735F}.Debug|x86.Build.0 = Debug|Win32
		{80B700FD-F167-4EA6-9651-E74457CF735F}.Release|x64.ActiveCfg = Release|x64
		{80B700FD-F167-4EA6-9651-E74457CF735F}.Release|x64.Build.0 = Release|x64
		{80B700FD-F167-4EA6-9651-E74457CF735F}.Release|x86.ActiveCfg = Release|Win32
		{80B700FD-F167-4EA6-9651-E74457CF735F}.Release|x86.Build.0 = Release|Win32
	EndGlobalSection
	GlobalSection(SolutionProperties) = preSolution
		HideSolutionNode = FALSE
	EndGlobalSection
	GlobalSection(ExtensibilityGlobals) = postSolution
		SolutionGuid = {39359FEC-45A7-4E77-9E9C-06F2C2FF033B}
	EndGlobalSection
EndGlobal
