
Microsoft Visual Studio Solution File, Format Version 12.00
# Visual Studio Version 16
VisualStudioVersion = 16.0.29806.167
MinimumVisualStudioVersion = 10.0.40219.1
Project("{8BC9CEB8-8B4A-11D0-8D11-00A0C91BC942}") = "Laba_NDA1", "Laba_NDA1\Laba_NDA1.vcxproj", "{FDC076E5-A6A3-479D-B697-C6B1CDC6D19E}"
EndProject
Global
	GlobalSection(SolutionConfigurationPlatforms) = preSolution
		Debug|x64 = Debug|x64
		Debug|x86 = Debug|x86
		Release|x64 = Release|x64
		Release|x86 = Release|x86
	EndGlobalSection
	GlobalSection(ProjectConfigurationPlatforms) = postSolution
		{FDC076E5-A6A3-479D-B697-C6B1CDC6D19E}.Debug|x64.ActiveCfg = Debug|x64
		{FDC076E5-A6A3-479D-B697-C6B1CDC6D19E}.Debug|x64.Build.0 = Debug|x64
		{FDC076E5-A6A3-479D-B697-C6B1CDC6D19E}.Debug|x86.ActiveCfg = Debug|Win32
		{FDC076E5-A6A3-479D-B697-C6B1CDC6D19E}.Debug|x86.Build.0 = Debug|Win32
		{FDC076E5-A6A3-479D-B697-C6B1CDC6D19E}.Release|x64.ActiveCfg = Release|x64
		{FDC076E5-A6A3-479D-B697-C6B1CDC6D19E}.Release|x64.Build.0 = Release|x64
		{FDC076E5-A6A3-479D-B697-C6B1CDC6D19E}.Release|x86.ActiveCfg = Release|Win32
		{FDC076E5-A6A3-479D-B697-C6B1CDC6D19E}.Release|x86.Build.0 = Release|Win32
	EndGlobalSection
	GlobalSection(SolutionProperties) = preSolution
		HideSolutionNode = FALSE
	EndGlobalSection
	GlobalSection(ExtensibilityGlobals) = postSolution
		SolutionGuid = {C2F51394-7AC8-475C-9C76-9E208D2B229A}
	EndGlobalSection
EndGlobal
